
Microsoft Visual Studio Solution File, Format Version 12.00
# Visual Studio Version 17
VisualStudioVersion = 17.2.32630.192
MinimumVisualStudioVersion = 10.0.40219.1
Project("{9A19103F-16F7-4668-BE54-9A1E7A4F7556}") = "AtO_Multiplayer", "AtO_Multiplayer.csproj", "{3BBBBB81-82FD-465B-9648-5FEC10EEE816}"
EndProject
Global
	GlobalSection(SolutionConfigurationPlatforms) = preSolution
		Debug|Any CPU = Debug|Any CPU
		Release|Any CPU = Release|Any CPU
	EndGlobalSection
	GlobalSection(ProjectConfigurationPlatforms) = postSolution
		{3BBBBB81-82FD-465B-9648-5FEC10EEE816}.Debug|Any CPU.ActiveCfg = Debug|Any CPU
		{3BBBBB81-82FD-465B-9648-5FEC10EEE816}.Debug|Any CPU.Build.0 = Debug|Any CPU
		{3BBBBB81-82FD-465B-9648-5FEC10EEE816}.Release|Any CPU.ActiveCfg = Release|Any CPU
		{3BBBBB81-82FD-465B-9648-5FEC10EEE816}.Release|Any CPU.Build.0 = Release|Any CPU
	EndGlobalSection
	GlobalSection(SolutionProperties) = preSolution
		HideSolutionNode = FALSE
	EndGlobalSection
	GlobalSection(ExtensibilityGlobals) = postSolution
		SolutionGuid = {CE18AA8C-F19F-480F-8994-D8D0EFA86452}
	EndGlobalSection
EndGlobal
